# This file is automatically @generated by Cargo.
# It is not intended for manual editing.
version = 4

[[package]]
name = "atrium-spv-frontend"
version = "0.1.0"
dependencies = [
 "atrium-spv-ir",
 "atrium-spv-tests",
 "rspirv",
]

[[package]]
name = "atrium-spv-ir"
version = "0.1.0"

[[package]]
name = "atrium-spv-runtime"
version = "0.1.0"

[[package]]
name = "atrium-spv-tests"
version = "0.1.0"
dependencies = [
 "atrium-spv-runtime",
 "rspirv",
]

[[package]]
name = "bitflags"
version = "2.11.1"
source = "registry+https://github.com/rust-lang/crates.io-index"
checksum = "c4512299f36f043ab09a583e57bceb5a5aab7a73db1805848e8fef3c9e8c78b3"

[[package]]
name = "rspirv"
version = "0.13.0+sdk-1.4.341.0"
source = "registry+https://github.com/rust-lang/crates.io-index"
checksum = "091dca2e1d6fd3098417b5ec88e77e80d1ba5945750943419dc976858082c296"
dependencies = [
 "rustc-hash",
 "spirv",
]

[[package]]
name = "rustc-hash"
version = "1.1.0"
source = "registry+https://github.com/rust-lang/crates.io-index"
checksum = "08d43f7aa6b08d49f382cde6a7982047c3426db949b1424bc4b7ec9ae12c6ce2"

[[package]]
name = "spirv"
version = "0.4.0+sdk-1.4.341.0"
source = "registry+https://github.com/rust-lang/crates.io-index"
checksum = "d9571ea910ebd84c86af4b3ed27f9dbdc6ad06f17c5f96146b2b671e2976744f"
dependencies = [
 "bitflags",
]
