# This file is automatically @generated by Cargo.
# It is not intended for manual editing.
version = 4

[[package]]
name = "adler2"
version = "2.0.1"
source = "registry+https://github.com/rust-lang/crates.io-index"
checksum = "320119579fcad9c21884f5c4861d16174d0e06250625266f50fe6898340abefa"

[[package]]
name = "aliasable"
version = "0.1.3"
source = "registry+https://github.com/rust-lang/crates.io-index"
checksum = "250f629c0161ad8107cf89319e990051fae62832fd343083bea452d93e2205fd"

[[package]]
name = "alloc-no-stdlib"
version = "2.0.4"
source = "registry+https://github.com/rust-lang/crates.io-index"
checksum = "cc7bb162ec39d46ab1ca8c77bf72e890535becd1751bb45f64c597edb4c8c6b3"

[[package]]
name = "alloc-stdlib"
version = "0.2.4"
source = "registry+https://github.com/rust-lang/crates.io-index"
checksum = "0e76a019e91224d279006ff972f1e984179a6e9feb050adba6ce8274aef23195"
dependencies = [
 "alloc-no-stdlib",
]

[[package]]
name = "allsorts"
version = "0.17.0"
source = "registry+https://github.com/rust-lang/crates.io-index"
checksum = "83b5535c25712f8ba509f2e9f134581e080ff8b6699f3fbf12bfda95d82fcb36"
dependencies = [
 "bitreader",
 "brotli-decompressor",
 "byteorder",
 "crc32fast",
 "encoding_rs",
 "enumflags2",
 "flate2",
 "glyph-names",
 "itertools",
 "lazy_static",
 "libc",
 "log",
 "num-traits",
 "ouroboros",
 "pathfinder_geometry",
 "rustc-hash",
 "tinyvec",
 "ucd-trie",
 "unicode-canonical-combining-class",
 "unicode-general-category",
 "unicode-joining-type",
]

[[package]]
name = "arrayvec"
version = "0.7.8"
source = "registry+https://github.com/rust-lang/crates.io-index"
checksum = "d3fb67a6e08acf24fdeccbac2cb6ac4305825bd1f117462e0e6f2f193345ad56"

[[package]]
name = "autocfg"
version = "1.5.1"
source = "registry+https://github.com/rust-lang/crates.io-index"
checksum = "f2032f911046de80f0a198e0901378627c33f59ea0ac00e363d481118bd70a53"

[[package]]
name = "bitflags"
version = "2.13.2"
source = "registry+https://github.com/rust-lang/crates.io-index"
checksum = "3ded4057c258ba199e2d26386d3af3780957ecaee6c4ef4041c6b4b8b97c0b06"

[[package]]
name = "bitreader"
version = "0.3.11"
source = "registry+https://github.com/rust-lang/crates.io-index"
checksum = "886559b1e163d56c765bc3a985febb4eee8009f625244511d8ee3c432e08c066"
dependencies = [
 "cfg-if",
]

[[package]]
name = "blake3"
version = "1.8.7"
source = "registry+https://github.com/rust-lang/crates.io-index"
checksum = "6d9e454fc11f76977dc803893aff6304ed33d6a26efae8696573bea74baa27ae"
dependencies = [
 "arrayvec",
 "cc",
 "cfg-if",
 "constant_time_eq",
 "cpufeatures",
]

[[package]]
name = "brotli-decompressor"
version = "5.0.3"
source = "registry+https://github.com/rust-lang/crates.io-index"
checksum = "3a32acac15fe1967bc3986b2a6347dffc965602354ea6f450ad07e8bfd253583"
dependencies = [
 "alloc-no-stdlib",
 "alloc-stdlib",
]

[[package]]
name = "bytemuck"
version = "1.25.2"
source = "registry+https://github.com/rust-lang/crates.io-index"
checksum = "95832e849adfb21180ccb6826a99da14e5d266ae5c2e668e1602cf234f153797"

[[package]]
name = "byteorder"
version = "1.5.0"
source = "registry+https://github.com/rust-lang/crates.io-index"
checksum = "1fd0f2584146f6f2ef48085050886acf353beff7305ebd1ae69500e27c67f64b"

[[package]]
name = "cc"
version = "1.4.7"
source = "registry+https://github.com/rust-lang/crates.io-index"
checksum = "54413ede23c2daf518f35156dfde027feb2374004d63bd497f983c8db9c0e313"
dependencies = [
 "find-msvc-tools",
 "shlex",
]

[[package]]
name = "cfg-if"
version = "1.0.5"
source = "registry+https://github.com/rust-lang/crates.io-index"
checksum = "4e7648175b45a9a48536d676f68d918270699102aa8dab5496df06904c914600"

[[package]]
name = "constant_time_eq"
version = "0.4.2"
source = "registry+https://github.com/rust-lang/crates.io-index"
checksum = "3d52eff69cd5e647efe296129160853a42795992097e8af39800e1060caeea9b"

[[package]]
name = "core_detect"
version = "1.0.0"
source = "registry+https://github.com/rust-lang/crates.io-index"
checksum = "7f8f80099a98041a3d1622845c271458a2d73e688351bf3cb999266764b81d48"

[[package]]
name = "core_maths"
version = "0.1.1"
source = "registry+https://github.com/rust-lang/crates.io-index"
checksum = "77745e017f5edba1a9c1d854f6f3a52dac8a12dd5af5d2f54aecf61e43d80d30"
dependencies = [
 "libm",
]

[[package]]
name = "cpufeatures"
version = "0.3.1"
source = "registry+https://github.com/rust-lang/crates.io-index"
checksum = "5ca28b0ae3115b884660db4118d803791fd6756b6e88f39c0f3f7859060d7566"
dependencies = [
 "libc",
]

[[package]]
name = "crc32fast"
version = "1.5.2"
source = "registry+https://github.com/rust-lang/crates.io-index"
checksum = "01a7799fd6b852db0e61728dde9a204c423b44d689dbd432522543614b490e78"
dependencies = [
 "cfg-if",
]

[[package]]
name = "either"
version = "1.18.0"
source = "registry+https://github.com/rust-lang/crates.io-index"
checksum = "252afb9ae5eaa683babdc6a068b3f5726eb19e05070c731f9b2a23a7c3e8ed34"

[[package]]
name = "encoding_rs"
version = "0.8.41"
source = "registry+https://github.com/rust-lang/crates.io-index"
checksum = "7b5ef0006ac9ab233c38522f5ae99cae3625151de8f706cacee1cba4b8e2832a"
dependencies = [
 "cfg-if",
 "core_detect",
 "multiversion",
 "multiversion_no_op",
 "rustversion",
 "scopeguard",
 "simdutf8",
]

[[package]]
name = "enumflags2"
version = "0.7.12"
source = "registry+https://github.com/rust-lang/crates.io-index"
checksum = "1027f7680c853e056ebcec683615fb6fbbc07dbaa13b4d5d9442b146ded4ecef"
dependencies = [
 "enumflags2_derive",
]

[[package]]
name = "enumflags2_derive"
version = "0.7.12"
source = "registry+https://github.com/rust-lang/crates.io-index"
checksum = "67c78a4d8fdf9953a5c9d458f9efe940fd97a0cab0941c075a813ac594733827"
dependencies = [
 "proc-macro2",
 "quote",
 "syn 2.0.119",
]

[[package]]
name = "fastrand"
version = "2.5.0"
source = "registry+https://github.com/rust-lang/crates.io-index"
checksum = "da7c62ceae207dd37ea5b845da6a0696c799f85e97da1ab5b7910be3c1c80223"

[[package]]
name = "find-msvc-tools"
version = "0.1.13"
source = "registry+https://github.com/rust-lang/crates.io-index"
checksum = "ef25905e51abafe4dcea6c15fec58c57b601cdbd0ee53d22ea1d3016c587d39b"

[[package]]
name = "flate2"
version = "1.1.10"
source = "registry+https://github.com/rust-lang/crates.io-index"
checksum = "6e634e2e0ebac1ee034020da1ca582e17ffe4e0f5e985823721e168928136dcb"
dependencies = [
 "crc32fast",
 "miniz_oxide 0.9.1",
]

[[package]]
name = "glyph-names"
version = "0.2.0"
source = "registry+https://github.com/rust-lang/crates.io-index"
checksum = "c3531d702d6c1a3ba92a5fb55a404c7b8c476c8e7ca249951077afcbe4bc807f"

[[package]]
name = "heck"
version = "0.4.1"
source = "registry+https://github.com/rust-lang/crates.io-index"
checksum = "95505c38b4572b2d910cecb0281560f54b440a19336cbbcb27bf6ce6adc6f5a8"

[[package]]
name = "html5ever"
version = "0.39.0"
source = "registry+https://github.com/rust-lang/crates.io-index"
checksum = "46a1761807faccc9a19e86944bbf40610014066306f96edcdedc2fb714bcb7b8"
dependencies = [
 "log",
 "markup5ever",
]

[[package]]
name = "itertools"
version = "0.14.0"
source = "registry+https://github.com/rust-lang/crates.io-index"
checksum = "2b192c782037fadd9cfa75548310488aabdbf3d2da73885b31bd0abd03351285"
dependencies = [
 "either",
]

[[package]]
name = "lazy_static"
version = "1.5.0"
source = "registry+https://github.com/rust-lang/crates.io-index"
checksum = "bbd2bcb4c963f2ddae06a2efc7e9f3591312473c50c6685e1f298068316e66fe"

[[package]]
name = "libc"
version = "0.2.189"
source = "registry+https://github.com/rust-lang/crates.io-index"
checksum = "3eaf3ede3fee6db1a4c2ee091bf8a8b4dccdc6d17f656fb07896ee72867612f2"

[[package]]
name = "libm"
version = "0.2.16"
source = "registry+https://github.com/rust-lang/crates.io-index"
checksum = "b6d2cec3eae94f9f509c767b45932f1ada8350c4bdb85af2fcab4a3c14807981"

[[package]]
name = "lock_api"
version = "0.4.14"
source = "registry+https://github.com/rust-lang/crates.io-index"
checksum = "224399e74b87b5f3557511d98dff8b14089b3dadafcab6bb93eab67d3aace965"
dependencies = [
 "scopeguard",
]

[[package]]
name = "log"
version = "0.4.34"
source = "registry+https://github.com/rust-lang/crates.io-index"
checksum = "f9f8bd3e56ce4dfc153cf470fffbfa98c7620958b312ca5c3a4b8d5181fd13c6"

[[package]]
name = "markup5ever"
version = "0.39.0"
source = "registry+https://github.com/rust-lang/crates.io-index"
checksum = "7122d987ec5f704ee56f6e5b41a7d93722e9aae27ae07cafa4036c4d3f9757de"
dependencies = [
 "log",
 "tendril",
 "web_atoms",
]

[[package]]
name = "markup5ever_rcdom"
version = "0.39.0+unofficial"
source = "registry+https://github.com/rust-lang/crates.io-index"
checksum = "3ac010f19d6c4af81eeb4018a39d7a115de9d285af45c126a4ac02e6fc5716b7"
dependencies = [
 "html5ever",
 "markup5ever",
 "tendril",
 "xml5ever",
]

[[package]]
name = "memchr"
version = "2.8.3"
source = "registry+https://github.com/rust-lang/crates.io-index"
checksum = "cf8baf1c55e62ffcace7a9f06f4bd9cd3f0c4beb022d3b367256b91b87513d98"

[[package]]
name = "miniz_oxide"
version = "0.8.9"
source = "registry+https://github.com/rust-lang/crates.io-index"
checksum = "1fa76a2c86f704bdb222d66965fb3d63269ce38518b83cb0575fca855ebb6316"
dependencies = [
 "adler2",
]

[[package]]
name = "miniz_oxide"
version = "0.9.1"
source = "registry+https://github.com/rust-lang/crates.io-index"
checksum = "b63fbc4a50860e98e7b2aa7804ded1db5cbc3aff9193adaff57a6931bf7c4b4c"
dependencies = [
 "adler2",
 "simd-adler32",
]

[[package]]
name = "multiversion"
version = "0.9.0"
source = "registry+https://github.com/rust-lang/crates.io-index"
checksum = "b4ca4bea16ffc3f443cf7d866912118196bfef4c6a1556ca00f9f9b00bb43f7c"
dependencies = [
 "multiversion-macros",
]

[[package]]
name = "multiversion-macros"
version = "0.9.0"
source = "registry+https://github.com/rust-lang/crates.io-index"
checksum = "0d416831a7317ef4b08bee00b69cbbb9c8763da7959a7026244d6266869f9c83"
dependencies = [
 "proc-macro2",
 "quote",
 "rustversion",
 "syn 3.0.6",
]

[[package]]
name = "multiversion_no_op"
version = "1.0.0"
source = "registry+https://github.com/rust-lang/crates.io-index"
checksum = "743fb55ba31b18fb1ecef6bdc9aa2743314978ac084044301a7eee33fb99a20d"

[[package]]
name = "navigator-dom"
version = "0.1.0"
dependencies = [
 "html5ever",
 "markup5ever_rcdom",
]

[[package]]
name = "navigator-fonts"
version = "0.1.0"
dependencies = [
 "allsorts",
 "blake3",
 "brotli-decompressor",
 "miniz_oxide 0.8.9",
 "pathfinder_simd",
 "ttf-parser",
]

[[package]]
name = "navigator-render"
version = "0.1.0"
dependencies = [
 "blake3",
 "navigator-dom",
 "navigator-fonts",
 "navigator-style",
 "pulldown-cmark",
 "rustybuzz",
 "ttf-parser",
]

[[package]]
name = "navigator-style"
version = "0.1.0"
dependencies = [
 "navigator-dom",
]

[[package]]
name = "new_debug_unreachable"
version = "1.0.6"
source = "registry+https://github.com/rust-lang/crates.io-index"
checksum = "650eef8c711430f1a879fdd01d4745a7deea475becfb90269c06775983bbf086"

[[package]]
name = "num-traits"
version = "0.2.19"
source = "registry+https://github.com/rust-lang/crates.io-index"
checksum = "071dfc062690e90b734c0b2273ce72ad0ffa95f0c74596bc250dcfd960262841"
dependencies = [
 "autocfg",
]

[[package]]
name = "ouroboros"
version = "0.18.5"
source = "registry+https://github.com/rust-lang/crates.io-index"
checksum = "1e0f050db9c44b97a94723127e6be766ac5c340c48f2c4bb3ffa11713744be59"
dependencies = [
 "aliasable",
 "ouroboros_macro",
 "static_assertions",
]

[[package]]
name = "ouroboros_macro"
version = "0.18.5"
source = "registry+https://github.com/rust-lang/crates.io-index"
checksum = "3c7028bdd3d43083f6d8d4d5187680d0d3560d54df4cc9d752005268b41e64d0"
dependencies = [
 "heck",
 "proc-macro2",
 "proc-macro2-diagnostics",
 "quote",
 "syn 2.0.119",
]

[[package]]
name = "parking_lot"
version = "0.12.5"
source = "registry+https://github.com/rust-lang/crates.io-index"
checksum = "93857453250e3077bd71ff98b6a65ea6621a19bb0f559a85248955ac12c45a1a"
dependencies = [
 "lock_api",
 "parking_lot_core",
]

[[package]]
name = "parking_lot_core"
version = "0.9.12"
source = "registry+https://github.com/rust-lang/crates.io-index"
checksum = "2621685985a2ebf1c516881c026032ac7deafcda1a2c9b7850dc81e3dfcb64c1"
dependencies = [
 "cfg-if",
 "libc",
 "redox_syscall",
 "smallvec",
 "windows-link",
]

[[package]]
name = "pathfinder_geometry"
version = "0.5.1"
source = "registry+https://github.com/rust-lang/crates.io-index"
checksum = "0b7b7e7b4ea703700ce73ebf128e1450eb69c3a8329199ffbfb9b2a0418e5ad3"
dependencies = [
 "log",
 "pathfinder_simd",
]

[[package]]
name = "pathfinder_simd"
version = "0.5.6"
dependencies = [
 "rustc_version",
]

[[package]]
name = "phf"
version = "0.13.1"
source = "registry+https://github.com/rust-lang/crates.io-index"
checksum = "c1562dc717473dbaa4c1f85a36410e03c047b2e7df7f45ee938fbef64ae7fadf"
dependencies = [
 "phf_shared",
 "serde",
]

[[package]]
name = "phf_codegen"
version = "0.13.1"
source = "registry+https://github.com/rust-lang/crates.io-index"
checksum = "49aa7f9d80421bca176ca8dbfebe668cc7a2684708594ec9f3c0db0805d5d6e1"
dependencies = [
 "phf_generator",
 "phf_shared",
]

[[package]]
name = "phf_generator"
version = "0.13.1"
source = "registry+https://github.com/rust-lang/crates.io-index"
checksum = "135ace3a761e564ec88c03a77317a7c6b80bb7f7135ef2544dbe054243b89737"
dependencies = [
 "fastrand",
 "phf_shared",
]

[[package]]
name = "phf_shared"
version = "0.13.1"
source = "registry+https://github.com/rust-lang/crates.io-index"
checksum = "e57fef6bc5981e38c2ce2d63bfa546861309f875b8a75f092d1d54ae2d64f266"
dependencies = [
 "siphasher",
]

[[package]]
name = "precomputed-hash"
version = "0.1.1"
source = "registry+https://github.com/rust-lang/crates.io-index"
checksum = "925383efa346730478fb4838dbe9137d2a47675ad789c546d150a6e1dd4ab31c"

[[package]]
name = "proc-macro2"
version = "1.0.107"
source = "registry+https://github.com/rust-lang/crates.io-index"
checksum = "985e7ec9bb745e6ce6535b544d84d6cd6f7ad8bd711c398938ae983b91a766d9"
dependencies = [
 "unicode-ident",
]

[[package]]
name = "proc-macro2-diagnostics"
version = "0.10.1"
source = "registry+https://github.com/rust-lang/crates.io-index"
checksum = "af066a9c399a26e020ada66a034357a868728e72cd426f3adcd35f80d88d88c8"
dependencies = [
 "proc-macro2",
 "quote",
 "syn 2.0.119",
 "version_check",
 "yansi",
]

[[package]]
name = "pulldown-cmark"
version = "0.13.4"
source = "registry+https://github.com/rust-lang/crates.io-index"
checksum = "e9f068eba8e7071c5f9511831b44f32c740d5adf574e990f946ddb53db2f314e"
dependencies = [
 "bitflags",
 "memchr",
 "unicase",
]

[[package]]
name = "quote"
version = "1.0.47"
source = "registry+https://github.com/rust-lang/crates.io-index"
checksum = "1fbf4db142a473a8d80c26bbf18454ed458bf8d26c8219c331daecfdbd079001"
dependencies = [
 "proc-macro2",
]

[[package]]
name = "redox_syscall"
version = "0.5.18"
source = "registry+https://github.com/rust-lang/crates.io-index"
checksum = "ed2bf2547551a7053d6fdfafda3f938979645c44812fbfcda098faae3f1a362d"
dependencies = [
 "bitflags",
]

[[package]]
name = "rustc-hash"
version = "2.1.3"
source = "registry+https://github.com/rust-lang/crates.io-index"
checksum = "6b1e7f9a428571be2dc5bc0505c13fb6bf936822b894ec87abf8a08a4e51742d"

[[package]]
name = "rustc_version"
version = "0.4.1"
source = "registry+https://github.com/rust-lang/crates.io-index"
checksum = "cfcb3a22ef46e85b45de6ee7e79d063319ebb6594faafcf1c225ea92ab6e9b92"
dependencies = [
 "semver",
]

[[package]]
name = "rustversion"
version = "1.0.23"
source = "registry+https://github.com/rust-lang/crates.io-index"
checksum = "cf54715a573b99ac80df0bc206da022bcd442c974952c7b9720069370852e21f"

[[package]]
name = "rustybuzz"
version = "0.20.1"
source = "registry+https://github.com/rust-lang/crates.io-index"
checksum = "fd3c7c96f8a08ee34eff8857b11b49b07d71d1c3f4e88f8a88d4c9e9f90b1702"
dependencies = [
 "bitflags",
 "bytemuck",
 "core_maths",
 "log",
 "smallvec",
 "ttf-parser",
 "unicode-bidi-mirroring",
 "unicode-ccc",
 "unicode-properties",
 "unicode-script",
]

[[package]]
name = "scopeguard"
version = "1.2.0"
source = "registry+https://github.com/rust-lang/crates.io-index"
checksum = "94143f37725109f92c262ed2cf5e59bce7498c01bcc1502d7b9afe439a4e9f49"

[[package]]
name = "semver"
version = "1.0.28"
source = "registry+https://github.com/rust-lang/crates.io-index"
checksum = "8a7852d02fc848982e0c167ef163aaff9cd91dc640ba85e263cb1ce46fae51cd"

[[package]]
name = "serde"
version = "1.0.229"
source = "registry+https://github.com/rust-lang/crates.io-index"
checksum = "4148590afebada386688f18773da617792bf2ef03ffc1e4cbd2b1d45b023e0ba"
dependencies = [
 "serde_core",
]

[[package]]
name = "serde_core"
version = "1.0.229"
source = "registry+https://github.com/rust-lang/crates.io-index"
checksum = "67dca2c9c51e58a4791a4b1ed58308b39c64224d349a935ab5039aa360942a48"
dependencies = [
 "serde_derive",
]

[[package]]
name = "serde_derive"
version = "1.0.229"
source = "registry+https://github.com/rust-lang/crates.io-index"
checksum = "e7a5d71263a5a7d47b41f6b3f06ba276f10cc18b0931f1799f710578e2309348"
dependencies = [
 "proc-macro2",
 "quote",
 "syn 3.0.6",
]

[[package]]
name = "shlex"
version = "2.0.1"
source = "registry+https://github.com/rust-lang/crates.io-index"
checksum = "f8fadd59c855ef2080decdef8ff161eb6661b86933c9d82e5ba29dc602a55aba"

[[package]]
name = "simd-adler32"
version = "0.3.10"
source = "registry+https://github.com/rust-lang/crates.io-index"
checksum = "3a219298ac11a56ea9a6d2120044824d6f01aeb034955e7af7bc16858527deea"

[[package]]
name = "simdutf8"
version = "0.1.5"
source = "registry+https://github.com/rust-lang/crates.io-index"
checksum = "e3a9fe34e3e7a50316060351f37187a3f546bce95496156754b601a5fa71b76e"

[[package]]
name = "siphasher"
version = "1.0.3"
source = "registry+https://github.com/rust-lang/crates.io-index"
checksum = "8ee5873ec9cce0195efcb7a4e9507a04cd49aec9c83d0389df45b1ef7ba2e649"

[[package]]
name = "smallvec"
version = "1.16.1"
source = "registry+https://github.com/rust-lang/crates.io-index"
checksum = "ba467056f1b547ed52077911161fc86985becbc60e8e1857c8a144dab0def891"

[[package]]
name = "static_assertions"
version = "1.1.0"
source = "registry+https://github.com/rust-lang/crates.io-index"
checksum = "a2eb9349b6444b326872e140eb1cf5e7c522154d69e7a0ffb0fb81c06b37543f"

[[package]]
name = "string_cache"
version = "0.9.0"
source = "registry+https://github.com/rust-lang/crates.io-index"
checksum = "a18596f8c785a729f2819c0f6a7eae6ebeebdfffbfe4214ae6b087f690e31901"
dependencies = [
 "new_debug_unreachable",
 "parking_lot",
 "phf_shared",
 "precomputed-hash",
 "serde",
]

[[package]]
name = "string_cache_codegen"
version = "0.6.1"
source = "registry+https://github.com/rust-lang/crates.io-index"
checksum = "585635e46db231059f76c5849798146164652513eb9e8ab2685939dd90f29b69"
dependencies = [
 "phf_generator",
 "phf_shared",
 "proc-macro2",
 "quote",
]

[[package]]
name = "syn"
version = "2.0.119"
source = "registry+https://github.com/rust-lang/crates.io-index"
checksum = "872831b642d1a07999a962a351ed35b955ea2cfc8f3862091e2a240a84f17297"
dependencies = [
 "proc-macro2",
 "quote",
 "unicode-ident",
]

[[package]]
name = "syn"
version = "3.0.6"
source = "registry+https://github.com/rust-lang/crates.io-index"
checksum = "8593e8e72159ed2257d083c7a454a85cbf854f37a0966d8d483aff8c8a3ebcee"
dependencies = [
 "proc-macro2",
 "quote",
 "unicode-ident",
]

[[package]]
name = "tendril"
version = "0.5.1"
source = "registry+https://github.com/rust-lang/crates.io-index"
checksum = "5fed54709c5b3a53d09bb1c113ea4f5ceafd1e772ddcb0030a82e1d56c087b08"
dependencies = [
 "new_debug_unreachable",
]

[[package]]
name = "tinyvec"
version = "1.13.3"
source = "registry+https://github.com/rust-lang/crates.io-index"
checksum = "fd3ca314f692efd6c868f8408f53fe444634a845f96c028b97d35f6a1f79f0ee"

[[package]]
name = "ttf-parser"
version = "0.25.1"
source = "registry+https://github.com/rust-lang/crates.io-index"
checksum = "d2df906b07856748fa3f6e0ad0cbaa047052d4a7dd609e231c4f72cee8c36f31"
dependencies = [
 "core_maths",
]

[[package]]
name = "ucd-trie"
version = "0.1.7"
source = "registry+https://github.com/rust-lang/crates.io-index"
checksum = "2896d95c02a80c6d6a5d6e953d479f5ddf2dfdb6a244441010e373ac0fb88971"

[[package]]
name = "unicase"
version = "2.9.0"
source = "registry+https://github.com/rust-lang/crates.io-index"
checksum = "dbc4bc3a9f746d862c45cb89d705aa10f187bb96c76001afab07a0d35ce60142"

[[package]]
name = "unicode-bidi-mirroring"
version = "0.4.0"
source = "registry+https://github.com/rust-lang/crates.io-index"
checksum = "5dfa6e8c60bb66d49db113e0125ee8711b7647b5579dc7f5f19c42357ed039fe"

[[package]]
name = "unicode-canonical-combining-class"
version = "1.0.0"
source = "registry+https://github.com/rust-lang/crates.io-index"
checksum = "41c99d5174052d02ce765418e826597a1be18f32c114e35d9e22f92390239561"

[[package]]
name = "unicode-ccc"
version = "0.4.0"
source = "registry+https://github.com/rust-lang/crates.io-index"
checksum = "ce61d488bcdc9bc8b5d1772c404828b17fc481c0a582b5581e95fb233aef503e"

[[package]]
name = "unicode-general-category"
version = "1.1.0"
source = "registry+https://github.com/rust-lang/crates.io-index"
checksum = "0b993bddc193ae5bd0d623b49ec06ac3e9312875fdae725a975c51db1cc1677f"

[[package]]
name = "unicode-ident"
version = "1.0.26"
source = "registry+https://github.com/rust-lang/crates.io-index"
checksum = "d245f478577f809a851594d02313b640fb437e0bb33866753cff937863096954"

[[package]]
name = "unicode-joining-type"
version = "1.0.0"
source = "registry+https://github.com/rust-lang/crates.io-index"
checksum = "d8d00a78170970967fdb83f9d49b92f959ab2bb829186b113e4f4604ad98e180"

[[package]]
name = "unicode-properties"
version = "0.1.4"
source = "registry+https://github.com/rust-lang/crates.io-index"
checksum = "7df058c713841ad818f1dc5d3fd88063241cc61f49f5fbea4b951e8cf5a8d71d"

[[package]]
name = "unicode-script"
version = "0.5.8"
source = "registry+https://github.com/rust-lang/crates.io-index"
checksum = "383ad40bb927465ec0ce7720e033cb4ca06912855fc35db31b5755d0de75b1ee"

[[package]]
name = "version_check"
version = "0.9.5"
source = "registry+https://github.com/rust-lang/crates.io-index"
checksum = "0b928f33d975fc6ad9f86c8f283853ad26bdd5b10b7f1542aa2fa15e2289105a"

[[package]]
name = "web_atoms"
version = "0.2.6"
source = "registry+https://github.com/rust-lang/crates.io-index"
checksum = "ba8b815c1b593dc0baf78dd0f4fc8fdb2de53198fb1163738093e9a311c33fb3"
dependencies = [
 "phf",
 "phf_codegen",
 "string_cache",
 "string_cache_codegen",
]

[[package]]
name = "windows-link"
version = "0.2.1"
source = "registry+https://github.com/rust-lang/crates.io-index"
checksum = "f0805222e57f7521d6a62e36fa9163bc891acd422f971defe97d64e70d0a4fe5"

[[package]]
name = "xml5ever"
version = "0.39.0"
source = "registry+https://github.com/rust-lang/crates.io-index"
checksum = "5ab627f34ff61b80d756180d556f9c68801d836d271b3b8c094504ceca69d221"
dependencies = [
 "log",
 "markup5ever",
]

[[package]]
name = "yansi"
version = "1.0.1"
source = "registry+https://github.com/rust-lang/crates.io-index"
checksum = "cfe53a6657fd280eaa890a3bc59152892ffa3e30101319d168b781ed6529b049"
